// !$*UTF8*$!
{
	archiveVersion = 1;
	classes = {
	};
	objectVersion = 52;
	objects = {

/* Begin PBXBuildFile section */
		8137E22424EE43D00036AB8C /* employees_empty.json in Resources */ = {isa = PBXBuildFile; fileRef = 815049A124EE3701001B3063 /* employees_empty.json */; };
		8137E22524EE43D30036AB8C /* employees_malformed.json in Resources */ = {isa = PBXBuildFile; fileRef = 8150499F24EE3701001B3063 /* employees_malformed.json */; };
		8137E22624EE43D60036AB8C /* employees.json in Resources */ = {isa = PBXBuildFile; fileRef = 815049A024EE3701001B3063 /* employees.json */; };
		8150499B24EE054F001B3063 /* SquareAPI.swift in Sources */ = {isa = PBXBuildFile; fileRef = 8150499A24EE054F001B3063 /* SquareAPI.swift */; };
		8150499E24EE160E001B3063 /* SquareEndpoints.swift in Sources */ = {isa = PBXBuildFile; fileRef = 8150499D24EE160E001B3063 /* SquareEndpoints.swift */; };
		815049A224EE3701001B3063 /* employees_malformed.json in Resources */ = {isa = PBXBuildFile; fileRef = 8150499F24EE3701001B3063 /* employees_malformed.json */; };
		815049A324EE3701001B3063 /* employees.json in Resources */ = {isa = PBXBuildFile; fileRef = 815049A024EE3701001B3063 /* employees.json */; };
		815049A424EE3701001B3063 /* employees_empty.json in Resources */ = {isa = PBXBuildFile; fileRef = 815049A124EE3701001B3063 /* employees_empty.json */; };
		81673B0C24ED9D9D003580C4 /* String+Extension.swift in Sources */ = {isa = PBXBuildFile; fileRef = 81673B0B24ED9D9D003580C4 /* String+Extension.swift */; };
		8169981D24E3D93000943FB4 /* AppDelegate.swift in Sources */ = {isa = PBXBuildFile; fileRef = 8169981C24E3D93000943FB4 /* AppDelegate.swift */; };
		8169981F24E3D93000943FB4 /* SceneDelegate.swift in Sources */ = {isa = PBXBuildFile; fileRef = 8169981E24E3D93000943FB4 /* SceneDelegate.swift */; };
		8169982624E3D93000943FB4 /* Assets.xcassets in Resources */ = {isa = PBXBuildFile; fileRef = 8169982524E3D93000943FB4 /* Assets.xcassets */; };
		8169982924E3D93000943FB4 /* LaunchScreen.storyboard in Resources */ = {isa = PBXBuildFile; fileRef = 8169982724E3D93000943FB4 /* LaunchScreen.storyboard */; };
		8169983424E3D93000943FB4 /* square_mobile_projectTests.swift in Sources */ = {isa = PBXBuildFile; fileRef = 8169983324E3D93000943FB4 /* square_mobile_projectTests.swift */; };
		8169985224E3DD1400943FB4 /* Employee.swift in Sources */ = {isa = PBXBuildFile; fileRef = 8169985124E3DD1400943FB4 /* Employee.swift */; };
		8169985B24E3E2F000943FB4 /* Kingfisher in Frameworks */ = {isa = PBXBuildFile; productRef = 8169985A24E3E2F000943FB4 /* Kingfisher */; };
		8169986324E3E48300943FB4 /* Constants.swift in Sources */ = {isa = PBXBuildFile; fileRef = 8169986224E3E48300943FB4 /* Constants.swift */; };
		8169986524E50ADC00943FB4 /* EmployeeViewModel.swift in Sources */ = {isa = PBXBuildFile; fileRef = 8169986424E50ADC00943FB4 /* EmployeeViewModel.swift */; };
		8169986724E51BF100943FB4 /* EmployeeTableViewController.swift in Sources */ = {isa = PBXBuildFile; fileRef = 8169986624E51BF100943FB4 /* EmployeeTableViewController.swift */; };
		8169986924E51E3D00943FB4 /* EmployeeDataSource.swift in Sources */ = {isa = PBXBuildFile; fileRef = 8169986824E51E3D00943FB4 /* EmployeeDataSource.swift */; };
		8169986B24E5372D00943FB4 /* Colors.swift in Sources */ = {isa = PBXBuildFile; fileRef = 8169986A24E5372D00943FB4 /* Colors.swift */; };
		8169986D24E5399D00943FB4 /* Layout.swift in Sources */ = {isa = PBXBuildFile; fileRef = 8169986C24E5399D00943FB4 /* Layout.swift */; };
		8169986F24E53D6200943FB4 /* Fonts.swift in Sources */ = {isa = PBXBuildFile; fileRef = 8169986E24E53D6200943FB4 /* Fonts.swift */; };
		8169987124E542DD00943FB4 /* EmployeeTableViewCell.swift in Sources */ = {isa = PBXBuildFile; fileRef = 8169987024E542DD00943FB4 /* EmployeeTableViewCell.swift */; };
		8169987524E61DC900943FB4 /* Networking.swift in Sources */ = {isa = PBXBuildFile; fileRef = 8169987424E61DC900943FB4 /* Networking.swift */; };
		BA45BBBD24E7ACC000836E4D /* UILabel+Extension.swift in Sources */ = {isa = PBXBuildFile; fileRef = BA45BBBC24E7ACC000836E4D /* UILabel+Extension.swift */; };
		BA47173F24E658800086C4E0 /* Stevia in Frameworks */ = {isa = PBXBuildFile; productRef = BA47173E24E658800086C4E0 /* Stevia */; };
		BA47174124E66AB00086C4E0 /* README.md in Resources */ = {isa = PBXBuildFile; fileRef = BA47174024E66AAF0086C4E0 /* README.md */; };
		BA47174324E674030086C4E0 /* MockTask.swift in Sources */ = {isa = PBXBuildFile; fileRef = BA47174224E674030086C4E0 /* MockTask.swift */; };
		BA47174524E6745C0086C4E0 /* MockSession.swift in Sources */ = {isa = PBXBuildFile; fileRef = BA47174424E6745C0086C4E0 /* MockSession.swift */; };
		BA47174824E6763D0086C4E0 /* NetworkManagerTests.swift in Sources */ = {isa = PBXBuildFile; fileRef = BA47174724E6763D0086C4E0 /* NetworkManagerTests.swift */; };
		BA47174D24E67D3C0086C4E0 /* MockedData.swift in Sources */ = {isa = PBXBuildFile; fileRef = BA47174C24E67D3C0086C4E0 /* MockedData.swift */; };
/* End PBXBuildFile section */

/* Begin PBXContainerItemProxy section */
		8169983024E3D93000943FB4 /* PBXContainerItemProxy */ = {
			isa = PBXContainerItemProxy;
			containerPortal = 8169981124E3D93000943FB4 /* Project object */;
			proxyType = 1;
			remoteGlobalIDString = 8169981824E3D93000943FB4;
			remoteInfo = "square-mobile-project";
		};
/* End PBXContainerItemProxy section */

/* Begin PBXFileReference section */
		8150499A24EE054F001B3063 /* SquareAPI.swift */ = {isa = PBXFileReference; lastKnownFileType = sourcecode.swift; path = SquareAPI.swift; sourceTree = "<group>"; };
		8150499D24EE160E001B3063 /* SquareEndpoints.swift */ = {isa = PBXFileReference; lastKnownFileType = sourcecode.swift; path = SquareEndpoints.swift; sourceTree = "<group>"; };
		8150499F24EE3701001B3063 /* employees_malformed.json */ = {isa = PBXFileReference; fileEncoding = 4; lastKnownFileType = text.json; path = employees_malformed.json; sourceTree = "<group>"; };
		815049A024EE3701001B3063 /* employees.json */ = {isa = PBXFileReference; fileEncoding = 4; lastKnownFileType = text.json; path = employees.json; sourceTree = "<group>"; };
		815049A124EE3701001B3063 /* employees_empty.json */ = {isa = PBXFileReference; fileEncoding = 4; lastKnownFileType = text.json; path = employees_empty.json; sourceTree = "<group>"; };
		81673B0B24ED9D9D003580C4 /* String+Extension.swift */ = {isa = PBXFileReference; lastKnownFileType = sourcecode.swift; path = "String+Extension.swift"; sourceTree = "<group>"; };
		8169981924E3D93000943FB4 /* square-mobile-project.app */ = {isa = PBXFileReference; explicitFileType = wrapper.application; includeInIndex = 0; path = "square-mobile-project.app"; sourceTree = BUILT_PRODUCTS_DIR; };
		8169981C24E3D93000943FB4 /* AppDelegate.swift */ = {isa = PBXFileReference; lastKnownFileType = sourcecode.swift; path = AppDelegate.swift; sourceTree = "<group>"; };
		8169981E24E3D93000943FB4 /* SceneDelegate.swift */ = {isa = PBXFileReference; lastKnownFileType = sourcecode.swift; path = SceneDelegate.swift; sourceTree = "<group>"; };
		8169982524E3D93000943FB4 /* Assets.xcassets */ = {isa = PBXFileReference; lastKnownFileType = folder.assetcatalog; path = Assets.xcassets; sourceTree = "<group>"; };
		8169982824E3D93000943FB4 /* Base */ = {isa = PBXFileReference; lastKnownFileType = file.storyboard; name = Base; path = Base.lproj/LaunchScreen.storyboard; sourceTree = "<group>"; };
		8169982A24E3D93000943FB4 /* Info.plist */ = {isa = PBXFileReference; lastKnownFileType = text.plist.xml; path = Info.plist; sourceTree = "<group>"; };
		8169982F24E3D93000943FB4 /* square-mobile-projectTests.xctest */ = {isa = PBXFileReference; explicitFileType = wrapper.cfbundle; includeInIndex = 0; path = "square-mobile-projectTests.xctest"; sourceTree = BUILT_PRODUCTS_DIR; };
		8169983324E3D93000943FB4 /* square_mobile_projectTests.swift */ = {isa = PBXFileReference; lastKnownFileType = sourcecode.swift; path = square_mobile_projectTests.swift; sourceTree = "<group>"; };
		8169983524E3D93000943FB4 /* Info.plist */ = {isa = PBXFileReference; lastKnownFileType = text.plist.xml; path = Info.plist; sourceTree = "<group>"; };
		8169985124E3DD1400943FB4 /* Employee.swift */ = {isa = PBXFileReference; lastKnownFileType = sourcecode.swift; path = Employee.swift; sourceTree = "<group>"; };
		8169986224E3E48300943FB4 /* Constants.swift */ = {isa = PBXFileReference; lastKnownFileType = sourcecode.swift; path = Constants.swift; sourceTree = "<group>"; };
		8169986424E50ADC00943FB4 /* EmployeeViewModel.swift */ = {isa = PBXFileReference; lastKnownFileType = sourcecode.swift; path = EmployeeViewModel.swift; sourceTree = "<group>"; };
		8169986624E51BF100943FB4 /* EmployeeTableViewController.swift */ = {isa = PBXFileReference; lastKnownFileType = sourcecode.swift; path = EmployeeTableViewController.swift; sourceTree = "<group>"; };
		8169986824E51E3D00943FB4 /* EmployeeDataSource.swift */ = {isa = PBXFileReference; lastKnownFileType = sourcecode.swift; path = EmployeeDataSource.swift; sourceTree = "<group>"; };
		8169986A24E5372D00943FB4 /* Colors.swift */ = {isa = PBXFileReference; lastKnownFileType = sourcecode.swift; path = Colors.swift; sourceTree = "<group>"; };
		8169986C24E5399D00943FB4 /* Layout.swift */ = {isa = PBXFileReference; lastKnownFileType = sourcecode.swift; path = Layout.swift; sourceTree = "<group>"; };
		8169986E24E53D6200943FB4 /* Fonts.swift */ = {isa = PBXFileReference; lastKnownFileType = sourcecode.swift; path = Fonts.swift; sourceTree = "<group>"; };
		8169987024E542DD00943FB4 /* EmployeeTableViewCell.swift */ = {isa = PBXFileReference; lastKnownFileType = sourcecode.swift; path = EmployeeTableViewCell.swift; sourceTree = "<group>"; };
		8169987424E61DC900943FB4 /* Networking.swift */ = {isa = PBXFileReference; lastKnownFileType = sourcecode.swift; path = Networking.swift; sourceTree = "<group>"; };
		BA45BBBC24E7ACC000836E4D /* UILabel+Extension.swift */ = {isa = PBXFileReference; lastKnownFileType = sourcecode.swift; path = "UILabel+Extension.swift"; sourceTree = "<group>"; };
		BA47174024E66AAF0086C4E0 /* README.md */ = {isa = PBXFileReference; lastKnownFileType = net.daringfireball.markdown; path = README.md; sourceTree = "<group>"; };
		BA47174224E674030086C4E0 /* MockTask.swift */ = {isa = PBXFileReference; lastKnownFileType = sourcecode.swift; path = MockTask.swift; sourceTree = "<group>"; };
		BA47174424E6745C0086C4E0 /* MockSession.swift */ = {isa = PBXFileReference; lastKnownFileType = sourcecode.swift; path = MockSession.swift; sourceTree = "<group>"; };
		BA47174724E6763D0086C4E0 /* NetworkManagerTests.swift */ = {isa = PBXFileReference; lastKnownFileType = sourcecode.swift; path = NetworkManagerTests.swift; sourceTree = "<group>"; };
		BA47174C24E67D3C0086C4E0 /* MockedData.swift */ = {isa = PBXFileReference; lastKnownFileType = sourcecode.swift; path = MockedData.swift; sourceTree = "<group>"; };
/* End PBXFileReference section */

/* Begin PBXFrameworksBuildPhase section */
		8169981624E3D93000943FB4 /* Frameworks */ = {
			isa = PBXFrameworksBuildPhase;
			buildActionMask = 2147483647;
			files = (
				BA47173F24E658800086C4E0 /* Stevia in Frameworks */,
				8169985B24E3E2F000943FB4 /* Kingfisher in Frameworks */,
			);
			runOnlyForDeploymentPostprocessing = 0;
		};
		8169982C24E3D93000943FB4 /* Frameworks */ = {
			isa = PBXFrameworksBuildPhase;
			buildActionMask = 2147483647;
			files = (
			);
			runOnlyForDeploymentPostprocessing = 0;
		};
/* End PBXFrameworksBuildPhase section */

/* Begin PBXGroup section */
		8150499924EE0532001B3063 /* Service */ = {
			isa = PBXGroup;
			children = (
				8150499A24EE054F001B3063 /* SquareAPI.swift */,
				8150499D24EE160E001B3063 /* SquareEndpoints.swift */,
			);
			path = Service;
			sourceTree = "<group>";
		};
		8150499C24EE0E52001B3063 /* HTTP */ = {
			isa = PBXGroup;
			children = (
				8169987424E61DC900943FB4 /* Networking.swift */,
			);
			path = HTTP;
			sourceTree = "<group>";
		};
		8169981024E3D93000943FB4 = {
			isa = PBXGroup;
			children = (
				BA47174024E66AAF0086C4E0 /* README.md */,
				8169981B24E3D93000943FB4 /* square-mobile-project */,
				8169983224E3D93000943FB4 /* square-mobile-projectTests */,
				8169981A24E3D93000943FB4 /* Products */,
			);
			sourceTree = "<group>";
		};
		8169981A24E3D93000943FB4 /* Products */ = {
			isa = PBXGroup;
			children = (
				8169981924E3D93000943FB4 /* square-mobile-project.app */,
				8169982F24E3D93000943FB4 /* square-mobile-projectTests.xctest */,
			);
			name = Products;
			sourceTree = "<group>";
		};
		8169981B24E3D93000943FB4 /* square-mobile-project */ = {
			isa = PBXGroup;
			children = (
				8169981C24E3D93000943FB4 /* AppDelegate.swift */,
				8169981E24E3D93000943FB4 /* SceneDelegate.swift */,
				8169984C24E3D97600943FB4 /* Model */,
				8169984D24E3D97D00943FB4 /* View */,
				8169984E24E3D98A00943FB4 /* ViewModel */,
				8169985F24E3E40900943FB4 /* Networking */,
				8169985024E3D9A800943FB4 /* Helpers */,
				8169984F24E3D9A100943FB4 /* Resources */,
			);
			path = "square-mobile-project";
			sourceTree = "<group>";
		};
		8169983224E3D93000943FB4 /* square-mobile-projectTests */ = {
			isa = PBXGroup;
			children = (
				BA47174624E676060086C4E0 /* Mocks */,
				8169983324E3D93000943FB4 /* square_mobile_projectTests.swift */,
				8169983524E3D93000943FB4 /* Info.plist */,
				BA47174724E6763D0086C4E0 /* NetworkManagerTests.swift */,
			);
			path = "square-mobile-projectTests";
			sourceTree = "<group>";
		};
		8169984C24E3D97600943FB4 /* Model */ = {
			isa = PBXGroup;
			children = (
				8169985124E3DD1400943FB4 /* Employee.swift */,
			);
			path = Model;
			sourceTree = "<group>";
		};
		8169984D24E3D97D00943FB4 /* View */ = {
			isa = PBXGroup;
			children = (
				8169986624E51BF100943FB4 /* EmployeeTableViewController.swift */,
				8169987024E542DD00943FB4 /* EmployeeTableViewCell.swift */,
			);
			path = View;
			sourceTree = "<group>";
		};
		8169984E24E3D98A00943FB4 /* ViewModel */ = {
			isa = PBXGroup;
			children = (
				8169986424E50ADC00943FB4 /* EmployeeViewModel.swift */,
				8169986824E51E3D00943FB4 /* EmployeeDataSource.swift */,
			);
			path = ViewModel;
			sourceTree = "<group>";
		};
		8169984F24E3D9A100943FB4 /* Resources */ = {
			isa = PBXGroup;
			children = (
				BA47175424E67DA20086C4E0 /* JSON */,
				8169982524E3D93000943FB4 /* Assets.xcassets */,
				8169982724E3D93000943FB4 /* LaunchScreen.storyboard */,
				8169982A24E3D93000943FB4 /* Info.plist */,
			);
			path = Resources;
			sourceTree = "<group>";
		};
		8169985024E3D9A800943FB4 /* Helpers */ = {
			isa = PBXGroup;
			children = (
				8169986224E3E48300943FB4 /* Constants.swift */,
				8169986A24E5372D00943FB4 /* Colors.swift */,
				8169986C24E5399D00943FB4 /* Layout.swift */,
				8169986E24E53D6200943FB4 /* Fonts.swift */,
				BA45BBBC24E7ACC000836E4D /* UILabel+Extension.swift */,
				81673B0B24ED9D9D003580C4 /* String+Extension.swift */,
			);
			path = Helpers;
			sourceTree = "<group>";
		};
		8169985F24E3E40900943FB4 /* Networking */ = {
			isa = PBXGroup;
			children = (
				8150499C24EE0E52001B3063 /* HTTP */,
				8150499924EE0532001B3063 /* Service */,
			);
			path = Networking;
			sourceTree = "<group>";
		};
		BA47174624E676060086C4E0 /* Mocks */ = {
			isa = PBXGroup;
			children = (
				BA47174224E674030086C4E0 /* MockTask.swift */,
				BA47174424E6745C0086C4E0 /* MockSession.swift */,
				BA47174C24E67D3C0086C4E0 /* MockedData.swift */,
			);
			path = Mocks;
			sourceTree = "<group>";
		};
		BA47175424E67DA20086C4E0 /* JSON */ = {
			isa = PBXGroup;
			children = (
				815049A124EE3701001B3063 /* employees_empty.json */,
				8150499F24EE3701001B3063 /* employees_malformed.json */,
				815049A024EE3701001B3063 /* employees.json */,
			);
			path = JSON;
			sourceTree = "<group>";
		};
/* End PBXGroup section */

/* Begin PBXNativeTarget section */
		8169981824E3D93000943FB4 /* square-mobile-project */ = {
			isa = PBXNativeTarget;
			buildConfigurationList = 8169984324E3D93000943FB4 /* Build configuration list for PBXNativeTarget "square-mobile-project" */;
			buildPhases = (
				8169981524E3D93000943FB4 /* Sources */,
				8169981624E3D93000943FB4 /* Frameworks */,
				8169981724E3D93000943FB4 /* Resources */,
			);
			buildRules = (
			);
			dependencies = (
			);
			name = "square-mobile-project";
			packageProductDependencies = (
				8169985A24E3E2F000943FB4 /* Kingfisher */,
				BA47173E24E658800086C4E0 /* Stevia */,
			);
			productName = "square-mobile-project";
			productReference = 8169981924E3D93000943FB4 /* square-mobile-project.app */;
			productType = "com.apple.product-type.application";
		};
		8169982E24E3D93000943FB4 /* square-mobile-projectTests */ = {
			isa = PBXNativeTarget;
			buildConfigurationList = 8169984624E3D93000943FB4 /* Build configuration list for PBXNativeTarget "square-mobile-projectTests" */;
			buildPhases = (
				8169982B24E3D93000943FB4 /* Sources */,
				8169982C24E3D93000943FB4 /* Frameworks */,
				8169982D24E3D93000943FB4 /* Resources */,
			);
			buildRules = (
			);
			dependencies = (
				8169983124E3D93000943FB4 /* PBXTargetDependency */,
			);
			name = "square-mobile-projectTests";
			productName = "square-mobile-projectTests";
			productReference = 8169982F24E3D93000943FB4 /* square-mobile-projectTests.xctest */;
			productType = "com.apple.product-type.bundle.unit-test";
		};
/* End PBXNativeTarget section */

/* Begin PBXProject section */
		8169981124E3D93000943FB4 /* Project object */ = {
			isa = PBXProject;
			attributes = {
				LastSwiftUpdateCheck = 1200;
				LastUpgradeCheck = 1200;
				TargetAttributes = {
					8169981824E3D93000943FB4 = {
						CreatedOnToolsVersion = 12.0;
					};
					8169982E24E3D93000943FB4 = {
						CreatedOnToolsVersion = 12.0;
						TestTargetID = 8169981824E3D93000943FB4;
					};
				};
			};
			buildConfigurationList = 8169981424E3D93000943FB4 /* Build configuration list for PBXProject "square-mobile-project" */;
			compatibilityVersion = "Xcode 9.3";
			developmentRegion = en;
			hasScannedForEncodings = 0;
			knownRegions = (
				en,
				Base,
			);
			mainGroup = 8169981024E3D93000943FB4;
			packageReferences = (
				8169985924E3E2F000943FB4 /* XCRemoteSwiftPackageReference "Kingfisher" */,
				BA47173D24E658800086C4E0 /* XCRemoteSwiftPackageReference "Stevia" */,
			);
			productRefGroup = 8169981A24E3D93000943FB4 /* Products */;
			projectDirPath = "";
			projectRoot = "";
			targets = (
				8169981824E3D93000943FB4 /* square-mobile-project */,
				8169982E24E3D93000943FB4 /* square-mobile-projectTests */,
			);
		};
/* End PBXProject section */

/* Begin PBXResourcesBuildPhase section */
		8169981724E3D93000943FB4 /* Resources */ = {
			isa = PBXResourcesBuildPhase;
			buildActionMask = 2147483647;
			files = (
				BA47174124E66AB00086C4E0 /* README.md in Resources */,
				815049A224EE3701001B3063 /* employees_malformed.json in Resources */,
				8169982924E3D93000943FB4 /* LaunchScreen.storyboard in Resources */,
				815049A324EE3701001B3063 /* employees.json in Resources */,
				8169982624E3D93000943FB4 /* Assets.xcassets in Resources */,
				815049A424EE3701001B3063 /* employees_empty.json in Resources */,
			);
			runOnlyForDeploymentPostprocessing = 0;
		};
		8169982D24E3D93000943FB4 /* Resources */ = {
			isa = PBXResourcesBuildPhase;
			buildActionMask = 2147483647;
			files = (
				8137E22424EE43D00036AB8C /* employees_empty.json in Resources */,
				8137E22624EE43D60036AB8C /* employees.json in Resources */,
				8137E22524EE43D30036AB8C /* employees_malformed.json in Resources */,
			);
			runOnlyForDeploymentPostprocessing = 0;
		};
/* End PBXResourcesBuildPhase section */

/* Begin PBXSourcesBuildPhase section */
		8169981524E3D93000943FB4 /* Sources */ = {
			isa = PBXSourcesBuildPhase;
			buildActionMask = 2147483647;
			files = (
				8169985224E3DD1400943FB4 /* Employee.swift in Sources */,
				8169986B24E5372D00943FB4 /* Colors.swift in Sources */,
				8169986524E50ADC00943FB4 /* EmployeeViewModel.swift in Sources */,
				8169981D24E3D93000943FB4 /* AppDelegate.swift in Sources */,
				8150499B24EE054F001B3063 /* SquareAPI.swift in Sources */,
				8150499E24EE160E001B3063 /* SquareEndpoints.swift in Sources */,
				8169987124E542DD00943FB4 /* EmployeeTableViewCell.swift in Sources */,
				8169986724E51BF100943FB4 /* EmployeeTableViewController.swift in Sources */,
				8169981F24E3D93000943FB4 /* SceneDelegate.swift in Sources */,
				8169986D24E5399D00943FB4 /* Layout.swift in Sources */,
				81673B0C24ED9D9D003580C4 /* String+Extension.swift in Sources */,
				8169987524E61DC900943FB4 /* Networking.swift in Sources */,
				8169986F24E53D6200943FB4 /* Fonts.swift in Sources */,
				8169986924E51E3D00943FB4 /* EmployeeDataSource.swift in Sources */,
				BA45BBBD24E7ACC000836E4D /* UILabel+Extension.swift in Sources */,
				8169986324E3E48300943FB4 /* Constants.swift in Sources */,
			);
			runOnlyForDeploymentPostprocessing = 0;
		};
		8169982B24E3D93000943FB4 /* Sources */ = {
			isa = PBXSourcesBuildPhase;
			buildActionMask = 2147483647;
			files = (
				BA47174D24E67D3C0086C4E0 /* MockedData.swift in Sources */,
				BA47174824E6763D0086C4E0 /* NetworkManagerTests.swift in Sources */,
				BA47174524E6745C0086C4E0 /* MockSession.swift in Sources */,
				8169983424E3D93000943FB4 /* square_mobile_projectTests.swift in Sources */,
				BA47174324E674030086C4E0 /* MockTask.swift in Sources */,
			);
			runOnlyForDeploymentPostprocessing = 0;
		};
/* End PBXSourcesBuildPhase section */

/* Begin PBXTargetDependency section */
		8169983124E3D93000943FB4 /* PBXTargetDependency */ = {
			isa = PBXTargetDependency;
			target = 8169981824E3D93000943FB4 /* square-mobile-project */;
			targetProxy = 8169983024E3D93000943FB4 /* PBXContainerItemProxy */;
		};
/* End PBXTargetDependency section */

/* Begin PBXVariantGroup section */
		8169982724E3D93000943FB4 /* LaunchScreen.storyboard */ = {
			isa = PBXVariantGroup;
			children = (
				8169982824E3D93000943FB4 /* Base */,
			);
			name = LaunchScreen.storyboard;
			sourceTree = "<group>";
		};
/* End PBXVariantGroup section */

/* Begin XCBuildConfiguration section */
		8169984124E3D93000943FB4 /* Debug */ = {
			isa = XCBuildConfiguration;
			buildSettings = {
				ALWAYS_SEARCH_USER_PATHS = NO;
				CLANG_ANALYZER_NONNULL = YES;
				CLANG_ANALYZER_NUMBER_OBJECT_CONVERSION = YES_AGGRESSIVE;
				CLANG_CXX_LANGUAGE_STANDARD = "gnu++14";
				CLANG_CXX_LIBRARY = "libc++";
				CLANG_ENABLE_MODULES = YES;
				CLANG_ENABLE_OBJC_ARC = YES;
				CLANG_ENABLE_OBJC_WEAK = YES;
				CLANG_WARN_BLOCK_CAPTURE_AUTORELEASING = YES;
				CLANG_WARN_BOOL_CONVERSION = YES;
				CLANG_WARN_COMMA = YES;
				CLANG_WARN_CONSTANT_CONVERSION = YES;
				CLANG_WARN_DEPRECATED_OBJC_IMPLEMENTATIONS = YES;
				CLANG_WARN_DIRECT_OBJC_ISA_USAGE = YES_ERROR;
				CLANG_WARN_DOCUMENTATION_COMMENTS = YES;
				CLANG_WARN_EMPTY_BODY = YES;
				CLANG_WARN_ENUM_CONVERSION = YES;
				CLANG_WARN_INFINITE_RECURSION = YES;
				CLANG_WARN_INT_CONVERSION = YES;
				CLANG_WARN_NON_LITERAL_NULL_CONVERSION = YES;
				CLANG_WARN_OBJC_IMPLICIT_RETAIN_SELF = YES;
				CLANG_WARN_OBJC_LITERAL_CONVERSION = YES;
				CLANG_WARN_OBJC_ROOT_CLASS = YES_ERROR;
				CLANG_WARN_QUOTED_INCLUDE_IN_FRAMEWORK_HEADER = YES;
				CLANG_WARN_RANGE_LOOP_ANALYSIS = YES;
				CLANG_WARN_STRICT_PROTOTYPES = YES;
				CLANG_WARN_SUSPICIOUS_MOVE = YES;
				CLANG_WARN_UNGUARDED_AVAILABILITY = YES_AGGRESSIVE;
				CLANG_WARN_UNREACHABLE_CODE = YES;
				CLANG_WARN__DUPLICATE_METHOD_MATCH = YES;
				COPY_PHASE_STRIP = NO;
				DEBUG_INFORMATION_FORMAT = dwarf;
				ENABLE_STRICT_OBJC_MSGSEND = YES;
				ENABLE_TESTABILITY = YES;
				GCC_C_LANGUAGE_STANDARD = gnu11;
				GCC_DYNAMIC_NO_PIC = NO;
				GCC_NO_COMMON_BLOCKS = YES;
				GCC_OPTIMIZATION_LEVEL = 0;
				GCC_PREPROCESSOR_DEFINITIONS = (
					"DEBUG=1",
					"$(inherited)",
				);
				GCC_WARN_64_TO_32_BIT_CONVERSION = YES;
				GCC_WARN_ABOUT_RETURN_TYPE = YES_ERROR;
				GCC_WARN_UNDECLARED_SELECTOR = YES;
				GCC_WARN_UNINITIALIZED_AUTOS = YES_AGGRESSIVE;
				GCC_WARN_UNUSED_FUNCTION = YES;
				GCC_WARN_UNUSED_VARIABLE = YES;
				IPHONEOS_DEPLOYMENT_TARGET = 14.0;
				MTL_ENABLE_DEBUG_INFO = INCLUDE_SOURCE;
				MTL_FAST_MATH = YES;
				ONLY_ACTIVE_ARCH = YES;
				SDKROOT = iphoneos;
				SWIFT_ACTIVE_COMPILATION_CONDITIONS = DEBUG;
				SWIFT_OPTIMIZATION_LEVEL = "-Onone";
			};
			name = Debug;
		};
		8169984224E3D93000943FB4 /* Release */ = {
			isa = XCBuildConfiguration;
			buildSettings = {
				ALWAYS_SEARCH_USER_PATHS = NO;
				CLANG_ANALYZER_NONNULL = YES;
				CLANG_ANALYZER_NUMBER_OBJECT_CONVERSION = YES_AGGRESSIVE;
				CLANG_CXX_LANGUAGE_STANDARD = "gnu++14";
				CLANG_CXX_LIBRARY = "libc++";
				CLANG_ENABLE_MODULES = YES;
				CLANG_ENABLE_OBJC_ARC = YES;
				CLANG_ENABLE_OBJC_WEAK = YES;
				CLANG_WARN_BLOCK_CAPTURE_AUTORELEASING = YES;
				CLANG_WARN_BOOL_CONVERSION = YES;
				CLANG_WARN_COMMA = YES;
				CLANG_WARN_CONSTANT_CONVERSION = YES;
				CLANG_WARN_DEPRECATED_OBJC_IMPLEMENTATIONS = YES;
				CLANG_WARN_DIRECT_OBJC_ISA_USAGE = YES_ERROR;
				CLANG_WARN_DOCUMENTATION_COMMENTS = YES;
				CLANG_WARN_EMPTY_BODY = YES;
				CLANG_WARN_ENUM_CONVERSION = YES;
				CLANG_WARN_INFINITE_RECURSION = YES;
				CLANG_WARN_INT_CONVERSION = YES;
				CLANG_WARN_NON_LITERAL_NULL_CONVERSION = YES;
				CLANG_WARN_OBJC_IMPLICIT_RETAIN_SELF = YES;
				CLANG_WARN_OBJC_LITERAL_CONVERSION = YES;
				CLANG_WARN_OBJC_ROOT_CLASS = YES_ERROR;
				CLANG_WARN_QUOTED_INCLUDE_IN_FRAMEWORK_HEADER = YES;
				CLANG_WARN_RANGE_LOOP_ANALYSIS = YES;
				CLANG_WARN_STRICT_PROTOTYPES = YES;
				CLANG_WARN_SUSPICIOUS_MOVE = YES;
				CLANG_WARN_UNGUARDED_AVAILABILITY = YES_AGGRESSIVE;
				CLANG_WARN_UNREACHABLE_CODE = YES;
				CLANG_WARN__DUPLICATE_METHOD_MATCH = YES;
				COPY_PHASE_STRIP = NO;
				DEBUG_INFORMATION_FORMAT = "dwarf-with-dsym";
				ENABLE_NS_ASSERTIONS = NO;
				ENABLE_STRICT_OBJC_MSGSEND = YES;
				GCC_C_LANGUAGE_STANDARD = gnu11;
				GCC_NO_COMMON_BLOCKS = YES;
				GCC_WARN_64_TO_32_BIT_CONVERSION = YES;
				GCC_WARN_ABOUT_RETURN_TYPE = YES_ERROR;
				GCC_WARN_UNDECLARED_SELECTOR = YES;
				GCC_WARN_UNINITIALIZED_AUTOS = YES_AGGRESSIVE;
				GCC_WARN_UNUSED_FUNCTION = YES;
				GCC_WARN_UNUSED_VARIABLE = YES;
				IPHONEOS_DEPLOYMENT_TARGET = 14.0;
				MTL_ENABLE_DEBUG_INFO = NO;
				MTL_FAST_MATH = YES;
				SDKROOT = iphoneos;
				SWIFT_COMPILATION_MODE = wholemodule;
				SWIFT_OPTIMIZATION_LEVEL = "-O";
				VALIDATE_PRODUCT = YES;
			};
			name = Release;
		};
		8169984424E3D93000943FB4 /* Debug */ = {
			isa = XCBuildConfiguration;
			buildSettings = {
				ASSETCATALOG_COMPILER_APPICON_NAME = AppIcon;
				ASSETCATALOG_COMPILER_GLOBAL_ACCENT_COLOR_NAME = AccentColor;
				CODE_SIGN_STYLE = Automatic;
				DEVELOPMENT_TEAM = NELGRQX33K;
				INFOPLIST_FILE = "square-mobile-project/Info.plist";
				LD_RUNPATH_SEARCH_PATHS = (
					"$(inherited)",
					"@executable_path/Frameworks",
				);
				PRODUCT_BUNDLE_IDENTIFIER = "com.turntlabs.square-mobile-project";
				PRODUCT_NAME = "$(TARGET_NAME)";
				SWIFT_VERSION = 5.0;
				TARGETED_DEVICE_FAMILY = 1;
			};
			name = Debug;
		};
		8169984524E3D93000943FB4 /* Release */ = {
			isa = XCBuildConfiguration;
			buildSettings = {
				ASSETCATALOG_COMPILER_APPICON_NAME = AppIcon;
				ASSETCATALOG_COMPILER_GLOBAL_ACCENT_COLOR_NAME = AccentColor;
				CODE_SIGN_STYLE = Automatic;
				DEVELOPMENT_TEAM = NELGRQX33K;
				INFOPLIST_FILE = "square-mobile-project/Info.plist";
				LD_RUNPATH_SEARCH_PATHS = (
					"$(inherited)",
					"@executable_path/Frameworks",
				);
				PRODUCT_BUNDLE_IDENTIFIER = "com.turntlabs.square-mobile-project";
				PRODUCT_NAME = "$(TARGET_NAME)";
				SWIFT_VERSION = 5.0;
				TARGETED_DEVICE_FAMILY = 1;
			};
			name = Release;
		};
		8169984724E3D93000943FB4 /* Debug */ = {
			isa = XCBuildConfiguration;
			buildSettings = {
				ALWAYS_EMBED_SWIFT_STANDARD_LIBRARIES = YES;
				BUNDLE_LOADER = "$(TEST_HOST)";
				CODE_SIGN_STYLE = Automatic;
				DEVELOPMENT_TEAM = NELGRQX33K;
				INFOPLIST_FILE = "square-mobile-projectTests/Info.plist";
				IPHONEOS_DEPLOYMENT_TARGET = 14.0;
				LD_RUNPATH_SEARCH_PATHS = (
					"$(inherited)",
					"@executable_path/Frameworks",
					"@loader_path/Frameworks",
				);
				PRODUCT_BUNDLE_IDENTIFIER = "com.turntlabs.square-mobile-projectTests";
				PRODUCT_NAME = "$(TARGET_NAME)";
				SWIFT_VERSION = 5.0;
				TARGETED_DEVICE_FAMILY = "1,2";
				TEST_HOST = "$(BUILT_PRODUCTS_DIR)/square-mobile-project.app/square-mobile-project";
			};
			name = Debug;
		};
		8169984824E3D93000943FB4 /* Release */ = {
			isa = XCBuildConfiguration;
			buildSettings = {
				ALWAYS_EMBED_SWIFT_STANDARD_LIBRARIES = YES;
				BUNDLE_LOADER = "$(TEST_HOST)";
				CODE_SIGN_STYLE = Automatic;
				DEVELOPMENT_TEAM = NELGRQX33K;
				INFOPLIST_FILE = "square-mobile-projectTests/Info.plist";
				IPHONEOS_DEPLOYMENT_TARGET = 14.0;
				LD_RUNPATH_SEARCH_PATHS = (
					"$(inherited)",
					"@executable_path/Frameworks",
					"@loader_path/Frameworks",
				);
				PRODUCT_BUNDLE_IDENTIFIER = "com.turntlabs.square-mobile-projectTests";
				PRODUCT_NAME = "$(TARGET_NAME)";
				SWIFT_VERSION = 5.0;
				TARGETED_DEVICE_FAMILY = "1,2";
				TEST_HOST = "$(BUILT_PRODUCTS_DIR)/square-mobile-project.app/square-mobile-project";
			};
			name = Release;
		};
/* End XCBuildConfiguration section */

/* Begin XCConfigurationList section */
		8169981424E3D93000943FB4 /* Build configuration list for PBXProject "square-mobile-project" */ = {
			isa = XCConfigurationList;
			buildConfigurations = (
				8169984124E3D93000943FB4 /* Debug */,
				8169984224E3D93000943FB4 /* Release */,
			);
			defaultConfigurationIsVisible = 0;
			defaultConfigurationName = Release;
		};
		8169984324E3D93000943FB4 /* Build configuration list for PBXNativeTarget "square-mobile-project" */ = {
			isa = XCConfigurationList;
			buildConfigurations = (
				8169984424E3D93000943FB4 /* Debug */,
				8169984524E3D93000943FB4 /* Release */,
			);
			defaultConfigurationIsVisible = 0;
			defaultConfigurationName = Release;
		};
		8169984624E3D93000943FB4 /* Build configuration list for PBXNativeTarget "square-mobile-projectTests" */ = {
			isa = XCConfigurationList;
			buildConfigurations = (
				8169984724E3D93000943FB4 /* Debug */,
				8169984824E3D93000943FB4 /* Release */,
			);
			defaultConfigurationIsVisible = 0;
			defaultConfigurationName = Release;
		};
/* End XCConfigurationList section */

/* Begin XCRemoteSwiftPackageReference section */
		8169985924E3E2F000943FB4 /* XCRemoteSwiftPackageReference "Kingfisher" */ = {
			isa = XCRemoteSwiftPackageReference;
			repositoryURL = "https://github.com/onevcat/Kingfisher";
			requirement = {
				kind = upToNextMajorVersion;
				minimumVersion = 5.14.1;
			};
		};
		BA47173D24E658800086C4E0 /* XCRemoteSwiftPackageReference "Stevia" */ = {
			isa = XCRemoteSwiftPackageReference;
			repositoryURL = "https://github.com/freshOS/Stevia";
			requirement = {
				kind = upToNextMajorVersion;
				minimumVersion = 5.0.1;
			};
		};
/* End XCRemoteSwiftPackageReference section */

/* Begin XCSwiftPackageProductDependency section */
		8169985A24E3E2F000943FB4 /* Kingfisher */ = {
			isa = XCSwiftPackageProductDependency;
			package = 8169985924E3E2F000943FB4 /* XCRemoteSwiftPackageReference "Kingfisher" */;
			productName = Kingfisher;
		};
		BA47173E24E658800086C4E0 /* Stevia */ = {
			isa = XCSwiftPackageProductDependency;
			package = BA47173D24E658800086C4E0 /* XCRemoteSwiftPackageReference "Stevia" */;
			productName = Stevia;
		};
/* End XCSwiftPackageProductDependency section */
	};
	rootObject = 8169981124E3D93000943FB4 /* Project object */;
}
